
Microsoft Visual Studio Solution File, Format Version 12.00
# Visual Studio Version 17
VisualStudioVersion = 17.5.33502.453
MinimumVisualStudioVersion = 10.0.40219.1
Project("{FAE04EC0-301F-11D3-BF4B-00C04F79EFBC}") = "MinVideoEditor", "MinVideoEditor.csproj", "{59CC5DCB-DE44-4BE7-97BC-BD920D350736}"
EndProject
Global
	GlobalSection(SolutionConfigurationPlatforms) = preSolution
		Debug|Any CPU = Debug|Any CPU
		Release|Any CPU = Release|Any CPU
	EndGlobalSection
	GlobalSection(ProjectConfigurationPlatforms) = postSolution
		{59CC5DCB-DE44-4BE7-97BC-BD920D350736}.Debug|Any CPU.ActiveCfg = Debug|Any CPU
		{59CC5DCB-DE44-4BE7-97BC-BD920D350736}.Debug|Any CPU.Build.0 = Debug|Any CPU
		{59CC5DCB-DE44-4BE7-97BC-BD920D350736}.Release|Any CPU.ActiveCfg = Release|Any CPU
		{59CC5DCB-DE44-4BE7-97BC-BD920D350736}.Release|Any CPU.Build.0 = Release|Any CPU
	EndGlobalSection
	GlobalSection(SolutionProperties) = preSolution
		HideSolutionNode = FALSE
	EndGlobalSection
	GlobalSection(ExtensibilityGlobals) = postSolution
		SolutionGuid = {ADDA490A-64C4-4441-AFA1-E796DE3514EB}
	EndGlobalSection
EndGlobal
